
Microsoft Visual Studio Solution File, Format Version 12.00
# Visual Studio Version 16
VisualStudioVersion = 16.0.30621.155
MinimumVisualStudioVersion = 10.0.40219.1
Project("{9A19103F-16F7-4668-BE54-9A1E7A4F7556}") = "Test_API_RebbitMQ", "Test_API_RebbitMQ\Test_API_RebbitMQ.csproj", "{9C0C59A4-8D76-47ED-A1B4-49368A8D4ED2}"
EndProject
Project("{9A19103F-16F7-4668-BE54-9A1E7A4F7556}") = "Infrastructure", "Infrastructure\Infrastructure.csproj", "{D3078129-3D23-4D6E-B5A3-084076789FF8}"
EndProject
Project("{9A19103F-16F7-4668-BE54-9A1E7A4F7556}") = "Core", "Core\Core.csproj", "{79658618-C06D-4646-991E-4B12B5B84748}"
EndProject
Project("{9A19103F-16F7-4668-BE54-9A1E7A4F7556}") = "OperationsMessagingSend", "TaskHandler\OperationsMessagingSend.csproj", "{3985A4A6-BA17-4D4C-AF88-3441359D9B22}"
EndProject
Project("{9A19103F-16F7-4668-BE54-9A1E7A4F7556}") = "OperationsMessagingReceive", "OperationsMessagingReceive\OperationsMessagingReceive.csproj", "{467F5ABC-C626-4525-8805-45F45054470E}"
EndProject
Project("{FAE04EC0-301F-11D3-BF4B-00C04F79EFBC}") = "TaskHandler", "TaskHandler_console\TaskHandler.csproj", "{00E3D35B-8FDB-44FC-8ECD-4AE4CCDBC0CA}"
EndProject
Global
	GlobalSection(SolutionConfigurationPlatforms) = preSolution
		Debug|Any CPU = Debug|Any CPU
		Release|Any CPU = Release|Any CPU
	EndGlobalSection
	GlobalSection(ProjectConfigurationPlatforms) = postSolution
		{9C0C59A4-8D76-47ED-A1B4-49368A8D4ED2}.Debug|Any CPU.ActiveCfg = Debug|Any CPU
		{9C0C59A4-8D76-47ED-A1B4-49368A8D4ED2}.Debug|Any CPU.Build.0 = Debug|Any CPU
		{9C0C59A4-8D76-47ED-A1B4-49368A8D4ED2}.Release|Any CPU.ActiveCfg = Release|Any CPU
		{9C0C59A4-8D76-47ED-A1B4-49368A8D4ED2}.Release|Any CPU.Build.0 = Release|Any CPU
		{D3078129-3D23-4D6E-B5A3-084076789FF8}.Debug|Any CPU.ActiveCfg = Debug|Any CPU
		{D3078129-3D23-4D6E-B5A3-084076789FF8}.Debug|Any CPU.Build.0 = Debug|Any CPU
		{D3078129-3D23-4D6E-B5A3-084076789FF8}.Release|Any CPU.ActiveCfg = Release|Any CPU
		{D3078129-3D23-4D6E-B5A3-084076789FF8}.Release|Any CPU.Build.0 = Release|Any CPU
		{79658618-C06D-4646-991E-4B12B5B84748}.Debug|Any CPU.ActiveCfg = Debug|Any CPU
		{79658618-C06D-4646-991E-4B12B5B84748}.Debug|Any CPU.Build.0 = Debug|Any CPU
		{79658618-C06D-4646-991E-4B12B5B84748}.Release|Any CPU.ActiveCfg = Release|Any CPU
		{79658618-C06D-4646-991E-4B12B5B84748}.Release|Any CPU.Build.0 = Release|Any CPU
		{3985A4A6-BA17-4D4C-AF88-3441359D9B22}.Debug|Any CPU.ActiveCfg = Debug|Any CPU
		{3985A4A6-BA17-4D4C-AF88-3441359D9B22}.Debug|Any CPU.Build.0 = Debug|Any CPU
		{3985A4A6-BA17-4D4C-AF88-3441359D9B22}.Release|Any CPU.ActiveCfg = Release|Any CPU
		{3985A4A6-BA17-4D4C-AF88-3441359D9B22}.Release|Any CPU.Build.0 = Release|Any CPU
		{467F5ABC-C626-4525-8805-45F45054470E}.Debug|Any CPU.ActiveCfg = Debug|Any CPU
		{467F5ABC-C626-4525-8805-45F45054470E}.Debug|Any CPU.Build.0 = Debug|Any CPU
		{467F5ABC-C626-4525-8805-45F45054470E}.Release|Any CPU.ActiveCfg = Release|Any CPU
		{467F5ABC-C626-4525-8805-45F45054470E}.Release|Any CPU.Build.0 = Release|Any CPU
		{00E3D35B-8FDB-44FC-8ECD-4AE4CCDBC0CA}.Debug|Any CPU.ActiveCfg = Debug|Any CPU
		{00E3D35B-8FDB-44FC-8ECD-4AE4CCDBC0CA}.Debug|Any CPU.Build.0 = Debug|Any CPU
		{00E3D35B-8FDB-44FC-8ECD-4AE4CCDBC0CA}.Release|Any CPU.ActiveCfg = Release|Any CPU
		{00E3D35B-8FDB-44FC-8ECD-4AE4CCDBC0CA}.Release|Any CPU.Build.0 = Release|Any CPU
	EndGlobalSection
	GlobalSection(SolutionProperties) = preSolution
		HideSolutionNode = FALSE
	EndGlobalSection
	GlobalSection(ExtensibilityGlobals) = postSolution
		SolutionGuid = {2FB3A70B-0BA2-4433-B0F1-0969A19E02DF}
	EndGlobalSection
EndGlobal
